
Microsoft Visual Studio Solution File, Format Version 12.00
# Visual Studio Version 17
VisualStudioVersion = 17.2.32630.192
MinimumVisualStudioVersion = 10.0.40219.1
Project("{FAE04EC0-301F-11D3-BF4B-00C04F79EFBC}") = "rpg-game", "rpg-game.csproj", "{639915E6-4B27-4C9B-9D8D-163B98AA6B15}"
EndProject
Global
	GlobalSection(SolutionConfigurationPlatforms) = preSolution
		Debug|Any CPU = Debug|Any CPU
		Release|Any CPU = Release|Any CPU
	EndGlobalSection
	GlobalSection(ProjectConfigurationPlatforms) = postSolution
		{639915E6-4B27-4C9B-9D8D-163B98AA6B15}.Debug|Any CPU.ActiveCfg = Debug|Any CPU
		{639915E6-4B27-4C9B-9D8D-163B98AA6B15}.Debug|Any CPU.Build.0 = Debug|Any CPU
		{639915E6-4B27-4C9B-9D8D-163B98AA6B15}.Release|Any CPU.ActiveCfg = Release|Any CPU
		{639915E6-4B27-4C9B-9D8D-163B98AA6B15}.Release|Any CPU.Build.0 = Release|Any CPU
	EndGlobalSection
	GlobalSection(SolutionProperties) = preSolution
		HideSolutionNode = FALSE
	EndGlobalSection
	GlobalSection(ExtensibilityGlobals) = postSolution
		SolutionGuid = {681BF2BC-325C-4454-A189-E692B7A61819}
	EndGlobalSection
EndGlobal
